
Microsoft Visual Studio Solution File, Format Version 12.00
# Visual Studio 15
VisualStudioVersion = 15.0.28307.271
MinimumVisualStudioVersion = 10.0.40219.1
Project("{2150E333-8FDC-42A3-9474-1A3956D46DE8}") = ".paket", ".paket", "{411A9309-3CC0-401A-B098-44CF5303C10C}"
	ProjectSection(SolutionItems) = preProject
		paket.dependencies = paket.dependencies
	EndProjectSection
EndProject
Project("{F2A71F9B-5D33-465A-A702-920D77279786}") = "Fable.Import.Downshift", "Fable.Import.Downshift\Fable.Import.Downshift.fsproj", "{44050723-4F9B-4BB4-B8D4-225F13C63E01}"
EndProject
Global
	GlobalSection(SolutionConfigurationPlatforms) = preSolution
		Debug|Any CPU = Debug|Any CPU
		Release|Any CPU = Release|Any CPU
	EndGlobalSection
	GlobalSection(ProjectConfigurationPlatforms) = postSolution
		{44050723-4F9B-4BB4-B8D4-225F13C63E01}.Debug|Any CPU.ActiveCfg = Debug|Any CPU
		{44050723-4F9B-4BB4-B8D4-225F13C63E01}.Debug|Any CPU.Build.0 = Debug|Any CPU
		{44050723-4F9B-4BB4-B8D4-225F13C63E01}.Release|Any CPU.ActiveCfg = Release|Any CPU
		{44050723-4F9B-4BB4-B8D4-225F13C63E01}.Release|Any CPU.Build.0 = Release|Any CPU
	EndGlobalSection
	GlobalSection(SolutionProperties) = preSolution
		HideSolutionNode = FALSE
	EndGlobalSection
	GlobalSection(ExtensibilityGlobals) = postSolution
		SolutionGuid = {FF2FF7F8-F4F8-4922-98B2-C00423717C7E}
	EndGlobalSection
EndGlobal
